// !$*UTF8*$!
{
	archiveVersion = 1;
	classes = {
	};
	objectVersion = 46;
	objects = {

/* Begin PBXBuildFile section */
		44349B6C1A74456F00DF86CE /* CGSignUpViewController.m in Sources */ = {isa = PBXBuildFile; fileRef = 44349B6B1A74456F00DF86CE /* CGSignUpViewController.m */; };
		44349B711A74538900DF86CE /* CGRootGateway.m in Sources */ = {isa = PBXBuildFile; fileRef = 44349B701A74538900DF86CE /* CGRootGateway.m */; };
		44349B781A7454E200DF86CE /* CGSignInGateway.m in Sources */ = {isa = PBXBuildFile; fileRef = 44349B771A7454E200DF86CE /* CGSignInGateway.m */; };
		44349B7C1A74553400DF86CE /* CGFacebookGateway.m in Sources */ = {isa = PBXBuildFile; fileRef = 44349B7B1A74553400DF86CE /* CGFacebookGateway.m */; };
		4456A2B51A797418008BF714 /* GFSignInTextField.m in Sources */ = {isa = PBXBuildFile; fileRef = 4456A2B41A797418008BF714 /* GFSignInTextField.m */; };
		447CDC401A6EF3CC00CA9A07 /* AppDelegate.m in Sources */ = {isa = PBXBuildFile; fileRef = 447CDC251A6EF3CC00CA9A07 /* AppDelegate.m */; };
		447CDC431A6EF3CC00CA9A07 /* main.m in Sources */ = {isa = PBXBuildFile; fileRef = 447CDC2F1A6EF3CC00CA9A07 /* main.m */; };
		447CDC441A6EF3CC00CA9A07 /* Images.xcassets in Resources */ = {isa = PBXBuildFile; fileRef = 447CDC331A6EF3CC00CA9A07 /* Images.xcassets */; };
		447CDC471A6EF3CC00CA9A07 /* Main.storyboard in Resources */ = {isa = PBXBuildFile; fileRef = 447CDC391A6EF3CC00CA9A07 /* Main.storyboard */; };
		448430F51A76CD180037AD8B /* GFSignUpTextField.m in Sources */ = {isa = PBXBuildFile; fileRef = 448430CF1A76CD180037AD8B /* GFSignUpTextField.m */; };
		448430F61A76CD180037AD8B /* GFDateTextField.m in Sources */ = {isa = PBXBuildFile; fileRef = 448430D31A76CD180037AD8B /* GFDateTextField.m */; };
		448430F71A76CD180037AD8B /* GFEmailTextField.m in Sources */ = {isa = PBXBuildFile; fileRef = 448430D71A76CD180037AD8B /* GFEmailTextField.m */; };
		448430F91A76CD180037AD8B /* GFLastNameTextField.m in Sources */ = {isa = PBXBuildFile; fileRef = 448430DF1A76CD180037AD8B /* GFLastNameTextField.m */; };
		448430FA1A76CD180037AD8B /* GFLimitedInputTextField.m in Sources */ = {isa = PBXBuildFile; fileRef = 448430E31A76CD180037AD8B /* GFLimitedInputTextField.m */; };
		448430FB1A76CD180037AD8B /* GFConfirmPasswordTextField.m in Sources */ = {isa = PBXBuildFile; fileRef = 448430E81A76CD180037AD8B /* GFConfirmPasswordTextField.m */; };
		448430FC1A76CD180037AD8B /* GFPasswordTextField.m in Sources */ = {isa = PBXBuildFile; fileRef = 448430EB1A76CD180037AD8B /* GFPasswordTextField.m */; };
		448430FD1A76CD180037AD8B /* GFRequiredSignUpTextField.m in Sources */ = {isa = PBXBuildFile; fileRef = 448430EF1A76CD180037AD8B /* GFRequiredSignUpTextField.m */; };
		448431071A76CD2F0037AD8B /* GFAuthTextField.m in Sources */ = {isa = PBXBuildFile; fileRef = 448431021A76CD2F0037AD8B /* GFAuthTextField.m */; };
		448431081A76CD2F0037AD8B /* GFTextField.m in Sources */ = {isa = PBXBuildFile; fileRef = 448431061A76CD2F0037AD8B /* GFTextField.m */; };
		4484311E1A76CFB10037AD8B /* NSDate+CompareDateOnly.m in Sources */ = {isa = PBXBuildFile; fileRef = 4484310C1A76CFB10037AD8B /* NSDate+CompareDateOnly.m */; };
		4484311F1A76CFB10037AD8B /* UIImage+Alpha.m in Sources */ = {isa = PBXBuildFile; fileRef = 448431101A76CFB10037AD8B /* UIImage+Alpha.m */; };
		448431201A76CFB10037AD8B /* UIImage+Resize.m in Sources */ = {isa = PBXBuildFile; fileRef = 448431131A76CFB10037AD8B /* UIImage+Resize.m */; };
		448431211A76CFB10037AD8B /* UIImage+RoundedCorner.m in Sources */ = {isa = PBXBuildFile; fileRef = 448431161A76CFB10037AD8B /* UIImage+RoundedCorner.m */; };
		448431221A76CFB10037AD8B /* UITextField+NextTextField.m in Sources */ = {isa = PBXBuildFile; fileRef = 4484311A1A76CFB10037AD8B /* UITextField+NextTextField.m */; };
		448431231A76CFB10037AD8B /* UIViewController+Additions.m in Sources */ = {isa = PBXBuildFile; fileRef = 4484311D1A76CFB10037AD8B /* UIViewController+Additions.m */; };
		44856D821A7833CB007B2D76 /* CGSignUpGateway.m in Sources */ = {isa = PBXBuildFile; fileRef = 44856D811A7833CB007B2D76 /* CGSignUpGateway.m */; };
		449B76DC1A759F5F0091CEB7 /* CGVkGateway.m in Sources */ = {isa = PBXBuildFile; fileRef = 449B76DB1A759F5F0091CEB7 /* CGVkGateway.m */; };
		44A3B44F1A756F8B0064938B /* SystemConfiguration.framework in Frameworks */ = {isa = PBXBuildFile; fileRef = 44A3B44E1A756F8B0064938B /* SystemConfiguration.framework */; };
		44A3B4551A756FC90064938B /* FHSStream.m in Sources */ = {isa = PBXBuildFile; fileRef = 44A3B4521A756FC90064938B /* FHSStream.m */; };
		44A3B4561A756FC90064938B /* FHSTwitterEngine.m in Sources */ = {isa = PBXBuildFile; fileRef = 44A3B4541A756FC90064938B /* FHSTwitterEngine.m */; };
		44A3B45A1A757F1D0064938B /* CGTwitterGateway.m in Sources */ = {isa = PBXBuildFile; fileRef = 44A3B4591A757F1D0064938B /* CGTwitterGateway.m */; };
		44B7BEEB1A746C8C002AC33D /* CGConversationsViewController.m in Sources */ = {isa = PBXBuildFile; fileRef = 44B7BEEA1A746C8C002AC33D /* CGConversationsViewController.m */; };
		44DCF34A1A71861700D0DE89 /* CGMainViewController.m in Sources */ = {isa = PBXBuildFile; fileRef = 44DCF3491A71861700D0DE89 /* CGMainViewController.m */; };
		44DCF3511A718A7B00D0DE89 /* CGViewController.m in Sources */ = {isa = PBXBuildFile; fileRef = 44DCF3501A718A7B00D0DE89 /* CGViewController.m */; };
		44DCF3551A71919400D0DE89 /* CGNotifier.m in Sources */ = {isa = PBXBuildFile; fileRef = 44DCF3541A71919400D0DE89 /* CGNotifier.m */; };
		44DCF35F1A71940200D0DE89 /* libsqlite3.0.dylib in Frameworks */ = {isa = PBXBuildFile; fileRef = 44DCF35E1A71940200D0DE89 /* libsqlite3.0.dylib */; };
		44DCF3631A71943800D0DE89 /* libstdc++.6.dylib in Frameworks */ = {isa = PBXBuildFile; fileRef = 44DCF3621A71943800D0DE89 /* libstdc++.6.dylib */; };
		44DCF3651A71944200D0DE89 /* CoreLocation.framework in Frameworks */ = {isa = PBXBuildFile; fileRef = 44DCF3641A71944200D0DE89 /* CoreLocation.framework */; };
		44DCF3671A71944E00D0DE89 /* libz.1.1.3.dylib in Frameworks */ = {isa = PBXBuildFile; fileRef = 44DCF3661A71944E00D0DE89 /* libz.1.1.3.dylib */; };
		44DCF3691A71945900D0DE89 /* StoreKit.framework in Frameworks */ = {isa = PBXBuildFile; fileRef = 44DCF3681A71945900D0DE89 /* StoreKit.framework */; };
		44DCF36E1A71948200D0DE89 /* Parse.framework in Frameworks */ = {isa = PBXBuildFile; fileRef = 44DCF36A1A71948200D0DE89 /* Parse.framework */; };
		44DCF36F1A71948200D0DE89 /* ParseCrashReporting.framework in Frameworks */ = {isa = PBXBuildFile; fileRef = 44DCF36B1A71948200D0DE89 /* ParseCrashReporting.framework */; };
		44DCF3701A71948200D0DE89 /* ParseFacebookUtils.framework in Frameworks */ = {isa = PBXBuildFile; fileRef = 44DCF36C1A71948200D0DE89 /* ParseFacebookUtils.framework */; };
		44DCF3711A71948200D0DE89 /* ParseUI.framework in Frameworks */ = {isa = PBXBuildFile; fileRef = 44DCF36D1A71948200D0DE89 /* ParseUI.framework */; };
		44DCF3751A71953900D0DE89 /* CGParseAppDelegate.m in Sources */ = {isa = PBXBuildFile; fileRef = 44DCF3741A71953900D0DE89 /* CGParseAppDelegate.m */; };
		44DCF3791A719A7600D0DE89 /* CGLoginViewController.m in Sources */ = {isa = PBXBuildFile; fileRef = 44DCF3781A719A7600D0DE89 /* CGLoginViewController.m */; };
		44DCF37D1A71A18000D0DE89 /* OLGhostAlertView.m in Sources */ = {isa = PBXBuildFile; fileRef = 44DCF37C1A71A18000D0DE89 /* OLGhostAlertView.m */; };
		6F3F8FCB6F14301DCC1A5332 /* libPods.a in Frameworks */ = {isa = PBXBuildFile; fileRef = FF6B045530F1F7F594029510 /* libPods.a */; };
/* End PBXBuildFile section */

/* Begin PBXContainerItemProxy section */
		447CDC4B1A6EF4C400CA9A07 /* PBXContainerItemProxy */ = {
			isa = PBXContainerItemProxy;
			containerPortal = 447CDBF11A6EF10E00CA9A07 /* Project object */;
			proxyType = 1;
			remoteGlobalIDString = 447CDBF81A6EF10E00CA9A07;
			remoteInfo = CityGo;
		};
/* End PBXContainerItemProxy section */

/* Begin PBXFileReference section */
		44349B6A1A74456F00DF86CE /* CGSignUpViewController.h */ = {isa = PBXFileReference; fileEncoding = 4; lastKnownFileType = sourcecode.c.h; name = CGSignUpViewController.h; path = SignUp/CGSignUpViewController.h; sourceTree = "<group>"; };
		44349B6B1A74456F00DF86CE /* CGSignUpViewController.m */ = {isa = PBXFileReference; fileEncoding = 4; lastKnownFileType = sourcecode.c.objc; name = CGSignUpViewController.m; path = SignUp/CGSignUpViewController.m; sourceTree = "<group>"; };
		44349B6F1A74538900DF86CE /* CGRootGateway.h */ = {isa = PBXFileReference; fileEncoding = 4; lastKnownFileType = sourcecode.c.h; path = CGRootGateway.h; sourceTree = "<group>"; };
		44349B701A74538900DF86CE /* CGRootGateway.m */ = {isa = PBXFileReference; fileEncoding = 4; lastKnownFileType = sourcecode.c.objc; path = CGRootGateway.m; sourceTree = "<group>"; };
		44349B731A74545300DF86CE /* CGSignUpProtocol.h */ = {isa = PBXFileReference; lastKnownFileType = sourcecode.c.h; name = CGSignUpProtocol.h; path = Protocols/CGSignUpProtocol.h; sourceTree = "<group>"; };
		44349B761A7454E200DF86CE /* CGSignInGateway.h */ = {isa = PBXFileReference; fileEncoding = 4; lastKnownFileType = sourcecode.c.h; name = CGSignInGateway.h; path = SignIn/CGSignInGateway.h; sourceTree = "<group>"; };
		44349B771A7454E200DF86CE /* CGSignInGateway.m */ = {isa = PBXFileReference; fileEncoding = 4; lastKnownFileType = sourcecode.c.objc; name = CGSignInGateway.m; path = SignIn/CGSignInGateway.m; sourceTree = "<group>"; };
		44349B7A1A74553400DF86CE /* CGFacebookGateway.h */ = {isa = PBXFileReference; fileEncoding = 4; lastKnownFileType = sourcecode.c.h; name = CGFacebookGateway.h; path = Facebook/CGFacebookGateway.h; sourceTree = "<group>"; };
		44349B7B1A74553400DF86CE /* CGFacebookGateway.m */ = {isa = PBXFileReference; fileEncoding = 4; lastKnownFileType = sourcecode.c.objc; name = CGFacebookGateway.m; path = Facebook/CGFacebookGateway.m; sourceTree = "<group>"; };
		4456A2B31A797418008BF714 /* GFSignInTextField.h */ = {isa = PBXFileReference; fileEncoding = 4; lastKnownFileType = sourcecode.c.h; path = GFSignInTextField.h; sourceTree = "<group>"; };
		4456A2B41A797418008BF714 /* GFSignInTextField.m */ = {isa = PBXFileReference; fileEncoding = 4; lastKnownFileType = sourcecode.c.objc; path = GFSignInTextField.m; sourceTree = "<group>"; };
		447CDBF91A6EF10E00CA9A07 /* CityGo.app */ = {isa = PBXFileReference; explicitFileType = wrapper.application; includeInIndex = 0; path = CityGo.app; sourceTree = BUILT_PRODUCTS_DIR; };
		447CDC121A6EF10E00CA9A07 /* CityGoTests.xctest */ = {isa = PBXFileReference; explicitFileType = wrapper.cfbundle; includeInIndex = 0; path = CityGoTests.xctest; sourceTree = BUILT_PRODUCTS_DIR; };
		447CDC241A6EF3CC00CA9A07 /* AppDelegate.h */ = {isa = PBXFileReference; fileEncoding = 4; lastKnownFileType = sourcecode.c.h; path = AppDelegate.h; sourceTree = "<group>"; };
		447CDC251A6EF3CC00CA9A07 /* AppDelegate.m */ = {isa = PBXFileReference; fileEncoding = 4; lastKnownFileType = sourcecode.c.objc; path = AppDelegate.m; sourceTree = "<group>"; };
		447CDC2F1A6EF3CC00CA9A07 /* main.m */ = {isa = PBXFileReference; fileEncoding = 4; lastKnownFileType = sourcecode.c.objc; path = main.m; sourceTree = "<group>"; };
		447CDC331A6EF3CC00CA9A07 /* Images.xcassets */ = {isa = PBXFileReference; lastKnownFileType = folder.assetcatalog; path = Images.xcassets; sourceTree = "<group>"; };
		447CDC351A6EF3CC00CA9A07 /* Info.plist */ = {isa = PBXFileReference; fileEncoding = 4; lastKnownFileType = text.plist.xml; path = Info.plist; sourceTree = "<group>"; };
		447CDC3A1A6EF3CC00CA9A07 /* Base */ = {isa = PBXFileReference; lastKnownFileType = file.storyboard; name = Base; path = Base.lproj/Main.storyboard; sourceTree = "<group>"; };
		448430C91A76CD010037AD8B /* CGSignInProtocol.h */ = {isa = PBXFileReference; lastKnownFileType = sourcecode.c.h; name = CGSignInProtocol.h; path = Protocols/CGSignInProtocol.h; sourceTree = "<group>"; };
		448430CE1A76CD180037AD8B /* GFSignUpTextField.h */ = {isa = PBXFileReference; fileEncoding = 4; lastKnownFileType = sourcecode.c.h; path = GFSignUpTextField.h; sourceTree = "<group>"; };
		448430CF1A76CD180037AD8B /* GFSignUpTextField.m */ = {isa = PBXFileReference; fileEncoding = 4; lastKnownFileType = sourcecode.c.objc; path = GFSignUpTextField.m; sourceTree = "<group>"; };
		448430D21A76CD180037AD8B /* GFDateTextField.h */ = {isa = PBXFileReference; fileEncoding = 4; lastKnownFileType = sourcecode.c.h; path = GFDateTextField.h; sourceTree = "<group>"; };
		448430D31A76CD180037AD8B /* GFDateTextField.m */ = {isa = PBXFileReference; fileEncoding = 4; lastKnownFileType = sourcecode.c.objc; path = GFDateTextField.m; sourceTree = "<group>"; };
		448430D61A76CD180037AD8B /* GFEmailTextField.h */ = {isa = PBXFileReference; fileEncoding = 4; lastKnownFileType = sourcecode.c.h; path = GFEmailTextField.h; sourceTree = "<group>"; };
		448430D71A76CD180037AD8B /* GFEmailTextField.m */ = {isa = PBXFileReference; fileEncoding = 4; lastKnownFileType = sourcecode.c.objc; path = GFEmailTextField.m; sourceTree = "<group>"; };
		448430DE1A76CD180037AD8B /* GFLastNameTextField.h */ = {isa = PBXFileReference; fileEncoding = 4; lastKnownFileType = sourcecode.c.h; path = GFLastNameTextField.h; sourceTree = "<group>"; };
		448430DF1A76CD180037AD8B /* GFLastNameTextField.m */ = {isa = PBXFileReference; fileEncoding = 4; lastKnownFileType = sourcecode.c.objc; path = GFLastNameTextField.m; sourceTree = "<group>"; };
		448430E21A76CD180037AD8B /* GFLimitedInputTextField.h */ = {isa = PBXFileReference; fileEncoding = 4; lastKnownFileType = sourcecode.c.h; path = GFLimitedInputTextField.h; sourceTree = "<group>"; };
		448430E31A76CD180037AD8B /* GFLimitedInputTextField.m */ = {isa = PBXFileReference; fileEncoding = 4; lastKnownFileType = sourcecode.c.objc; path = GFLimitedInputTextField.m; sourceTree = "<group>"; };
		448430E41A76CD180037AD8B /* GFLimitedInputTextFieldProtected.h */ = {isa = PBXFileReference; fileEncoding = 4; lastKnownFileType = sourcecode.c.h; path = GFLimitedInputTextFieldProtected.h; sourceTree = "<group>"; };
		448430E71A76CD180037AD8B /* GFConfirmPasswordTextField.h */ = {isa = PBXFileReference; fileEncoding = 4; lastKnownFileType = sourcecode.c.h; path = GFConfirmPasswordTextField.h; sourceTree = "<group>"; };
		448430E81A76CD180037AD8B /* GFConfirmPasswordTextField.m */ = {isa = PBXFileReference; fileEncoding = 4; lastKnownFileType = sourcecode.c.objc; path = GFConfirmPasswordTextField.m; sourceTree = "<group>"; };
		448430EA1A76CD180037AD8B /* GFPasswordTextField.h */ = {isa = PBXFileReference; fileEncoding = 4; lastKnownFileType = sourcecode.c.h; path = GFPasswordTextField.h; sourceTree = "<group>"; };
		448430EB1A76CD180037AD8B /* GFPasswordTextField.m */ = {isa = PBXFileReference; fileEncoding = 4; lastKnownFileType = sourcecode.c.objc; path = GFPasswordTextField.m; sourceTree = "<group>"; };
		448430EE1A76CD180037AD8B /* GFRequiredSignUpTextField.h */ = {isa = PBXFileReference; fileEncoding = 4; lastKnownFileType = sourcecode.c.h; path = GFRequiredSignUpTextField.h; sourceTree = "<group>"; };
		448430EF1A76CD180037AD8B /* GFRequiredSignUpTextField.m */ = {isa = PBXFileReference; fileEncoding = 4; lastKnownFileType = sourcecode.c.objc; path = GFRequiredSignUpTextField.m; sourceTree = "<group>"; };
		448430F01A76CD180037AD8B /* GFRequiredSignUpTextFieldProtected.h */ = {isa = PBXFileReference; fileEncoding = 4; lastKnownFileType = sourcecode.c.h; path = GFRequiredSignUpTextFieldProtected.h; sourceTree = "<group>"; };
		448431011A76CD2F0037AD8B /* GFAuthTextField.h */ = {isa = PBXFileReference; fileEncoding = 4; lastKnownFileType = sourcecode.c.h; path = GFAuthTextField.h; sourceTree = "<group>"; };
		448431021A76CD2F0037AD8B /* GFAuthTextField.m */ = {isa = PBXFileReference; fileEncoding = 4; lastKnownFileType = sourcecode.c.objc; path = GFAuthTextField.m; sourceTree = "<group>"; };
		448431051A76CD2F0037AD8B /* GFTextField.h */ = {isa = PBXFileReference; fileEncoding = 4; lastKnownFileType = sourcecode.c.h; path = GFTextField.h; sourceTree = "<group>"; };
		448431061A76CD2F0037AD8B /* GFTextField.m */ = {isa = PBXFileReference; fileEncoding = 4; lastKnownFileType = sourcecode.c.objc; path = GFTextField.m; sourceTree = "<group>"; };
		4484310B1A76CFB10037AD8B /* NSDate+CompareDateOnly.h */ = {isa = PBXFileReference; fileEncoding = 4; lastKnownFileType = sourcecode.c.h; path = "NSDate+CompareDateOnly.h"; sourceTree = "<group>"; };
		4484310C1A76CFB10037AD8B /* NSDate+CompareDateOnly.m */ = {isa = PBXFileReference; fileEncoding = 4; lastKnownFileType = sourcecode.c.objc; path = "NSDate+CompareDateOnly.m"; sourceTree = "<group>"; };
		4484310F1A76CFB10037AD8B /* UIImage+Alpha.h */ = {isa = PBXFileReference; fileEncoding = 4; lastKnownFileType = sourcecode.c.h; path = "UIImage+Alpha.h"; sourceTree = "<group>"; };
		448431101A76CFB10037AD8B /* UIImage+Alpha.m */ = {isa = PBXFileReference; fileEncoding = 4; lastKnownFileType = sourcecode.c.objc; path = "UIImage+Alpha.m"; sourceTree = "<group>"; };
		448431121A76CFB10037AD8B /* UIImage+Resize.h */ = {isa = PBXFileReference; fileEncoding = 4; lastKnownFileType = sourcecode.c.h; path = "UIImage+Resize.h"; sourceTree = "<group>"; };
		448431131A76CFB10037AD8B /* UIImage+Resize.m */ = {isa = PBXFileReference; fileEncoding = 4; lastKnownFileType = sourcecode.c.objc; path = "UIImage+Resize.m"; sourceTree = "<group>"; };
		448431151A76CFB10037AD8B /* UIImage+RoundedCorner.h */ = {isa = PBXFileReference; fileEncoding = 4; lastKnownFileType = sourcecode.c.h; path = "UIImage+RoundedCorner.h"; sourceTree = "<group>"; };
		448431161A76CFB10037AD8B /* UIImage+RoundedCorner.m */ = {isa = PBXFileReference; fileEncoding = 4; lastKnownFileType = sourcecode.c.objc; path = "UIImage+RoundedCorner.m"; sourceTree = "<group>"; };
		448431191A76CFB10037AD8B /* UITextField+NextTextField.h */ = {isa = PBXFileReference; fileEncoding = 4; lastKnownFileType = sourcecode.c.h; path = "UITextField+NextTextField.h"; sourceTree = "<group>"; };
		4484311A1A76CFB10037AD8B /* UITextField+NextTextField.m */ = {isa = PBXFileReference; fileEncoding = 4; lastKnownFileType = sourcecode.c.objc; path = "UITextField+NextTextField.m"; sourceTree = "<group>"; };
		4484311C1A76CFB10037AD8B /* UIViewController+Additions.h */ = {isa = PBXFileReference; fileEncoding = 4; lastKnownFileType = sourcecode.c.h; path = "UIViewController+Additions.h"; sourceTree = "<group>"; };
		4484311D1A76CFB10037AD8B /* UIViewController+Additions.m */ = {isa = PBXFileReference; fileEncoding = 4; lastKnownFileType = sourcecode.c.objc; path = "UIViewController+Additions.m"; sourceTree = "<group>"; };
		44856D801A7833CB007B2D76 /* CGSignUpGateway.h */ = {isa = PBXFileReference; fileEncoding = 4; lastKnownFileType = sourcecode.c.h; name = CGSignUpGateway.h; path = SignUp/CGSignUpGateway.h; sourceTree = "<group>"; };
		44856D811A7833CB007B2D76 /* CGSignUpGateway.m */ = {isa = PBXFileReference; fileEncoding = 4; lastKnownFileType = sourcecode.c.objc; name = CGSignUpGateway.m; path = SignUp/CGSignUpGateway.m; sourceTree = "<group>"; };
		449B76DA1A759F5F0091CEB7 /* CGVkGateway.h */ = {isa = PBXFileReference; fileEncoding = 4; lastKnownFileType = sourcecode.c.h; name = CGVkGateway.h; path = VK/CGVkGateway.h; sourceTree = "<group>"; };
		449B76DB1A759F5F0091CEB7 /* CGVkGateway.m */ = {isa = PBXFileReference; fileEncoding = 4; lastKnownFileType = sourcecode.c.objc; name = CGVkGateway.m; path = VK/CGVkGateway.m; sourceTree = "<group>"; };
		44A3B44E1A756F8B0064938B /* SystemConfiguration.framework */ = {isa = PBXFileReference; lastKnownFileType = wrapper.framework; name = SystemConfiguration.framework; path = System/Library/Frameworks/SystemConfiguration.framework; sourceTree = SDKROOT; };
		44A3B4511A756FC90064938B /* FHSStream.h */ = {isa = PBXFileReference; fileEncoding = 4; lastKnownFileType = sourcecode.c.h; path = FHSStream.h; sourceTree = "<group>"; };
		44A3B4521A756FC90064938B /* FHSStream.m */ = {isa = PBXFileReference; fileEncoding = 4; lastKnownFileType = sourcecode.c.objc; path = FHSStream.m; sourceTree = "<group>"; };
		44A3B4531A756FC90064938B /* FHSTwitterEngine.h */ = {isa = PBXFileReference; fileEncoding = 4; lastKnownFileType = sourcecode.c.h; path = FHSTwitterEngine.h; sourceTree = "<group>"; };
		44A3B4541A756FC90064938B /* FHSTwitterEngine.m */ = {isa = PBXFileReference; fileEncoding = 4; lastKnownFileType = sourcecode.c.objc; path = FHSTwitterEngine.m; sourceTree = "<group>"; };
		44A3B4581A757F1D0064938B /* CGTwitterGateway.h */ = {isa = PBXFileReference; fileEncoding = 4; lastKnownFileType = sourcecode.c.h; name = CGTwitterGateway.h; path = Twitter/CGTwitterGateway.h; sourceTree = "<group>"; };
		44A3B4591A757F1D0064938B /* CGTwitterGateway.m */ = {isa = PBXFileReference; fileEncoding = 4; lastKnownFileType = sourcecode.c.objc; name = CGTwitterGateway.m; path = Twitter/CGTwitterGateway.m; sourceTree = "<group>"; };
		44B7BEE91A746C8C002AC33D /* CGConversationsViewController.h */ = {isa = PBXFileReference; fileEncoding = 4; lastKnownFileType = sourcecode.c.h; name = CGConversationsViewController.h; path = Conversations/CGConversationsViewController.h; sourceTree = "<group>"; };
		44B7BEEA1A746C8C002AC33D /* CGConversationsViewController.m */ = {isa = PBXFileReference; fileEncoding = 4; lastKnownFileType = sourcecode.c.objc; name = CGConversationsViewController.m; path = Conversations/CGConversationsViewController.m; sourceTree = "<group>"; };
		44DCF3481A71861700D0DE89 /* CGMainViewController.h */ = {isa = PBXFileReference; fileEncoding = 4; lastKnownFileType = sourcecode.c.h; path = CGMainViewController.h; sourceTree = "<group>"; };
		44DCF3491A71861700D0DE89 /* CGMainViewController.m */ = {isa = PBXFileReference; fileEncoding = 4; lastKnownFileType = sourcecode.c.objc; path = CGMainViewController.m; sourceTree = "<group>"; };
		44DCF34B1A71866F00D0DE89 /* CGGlobalSettings.h */ = {isa = PBXFileReference; lastKnownFileType = sourcecode.c.h; path = CGGlobalSettings.h; sourceTree = "<group>"; };
		44DCF34C1A71872800D0DE89 /* Prefix.pch */ = {isa = PBXFileReference; lastKnownFileType = sourcecode.c.h; path = Prefix.pch; sourceTree = "<group>"; };
		44DCF34E1A71891A00D0DE89 /* CGViewControllerProtected.h */ = {isa = PBXFileReference; lastKnownFileType = sourcecode.c.h; name = CGViewControllerProtected.h; path = Base/CGViewControllerProtected.h; sourceTree = "<group>"; };
		44DCF34F1A718A7B00D0DE89 /* CGViewController.h */ = {isa = PBXFileReference; fileEncoding = 4; lastKnownFileType = sourcecode.c.h; name = CGViewController.h; path = Base/CGViewController.h; sourceTree = "<group>"; };
		44DCF3501A718A7B00D0DE89 /* CGViewController.m */ = {isa = PBXFileReference; fileEncoding = 4; lastKnownFileType = sourcecode.c.objc; name = CGViewController.m; path = Base/CGViewController.m; sourceTree = "<group>"; };
		44DCF3531A71919400D0DE89 /* CGNotifier.h */ = {isa = PBXFileReference; fileEncoding = 4; lastKnownFileType = sourcecode.c.h; name = CGNotifier.h; path = CGNotifier/CGNotifier.h; sourceTree = "<group>"; };
		44DCF3541A71919400D0DE89 /* CGNotifier.m */ = {isa = PBXFileReference; fileEncoding = 4; lastKnownFileType = sourcecode.c.objc; name = CGNotifier.m; path = CGNotifier/CGNotifier.m; sourceTree = "<group>"; };
		44DCF35E1A71940200D0DE89 /* libsqlite3.0.dylib */ = {isa = PBXFileReference; lastKnownFileType = "compiled.mach-o.dylib"; name = libsqlite3.0.dylib; path = usr/lib/libsqlite3.0.dylib; sourceTree = SDKROOT; };
		44DCF3621A71943800D0DE89 /* libstdc++.6.dylib */ = {isa = PBXFileReference; lastKnownFileType = "compiled.mach-o.dylib"; name = "libstdc++.6.dylib"; path = "usr/lib/libstdc++.6.dylib"; sourceTree = SDKROOT; };
		44DCF3641A71944200D0DE89 /* CoreLocation.framework */ = {isa = PBXFileReference; lastKnownFileType = wrapper.framework; name = CoreLocation.framework; path = System/Library/Frameworks/CoreLocation.framework; sourceTree = SDKROOT; };
		44DCF3661A71944E00D0DE89 /* libz.1.1.3.dylib */ = {isa = PBXFileReference; lastKnownFileType = "compiled.mach-o.dylib"; name = libz.1.1.3.dylib; path = usr/lib/libz.1.1.3.dylib; sourceTree = SDKROOT; };
		44DCF3681A71945900D0DE89 /* StoreKit.framework */ = {isa = PBXFileReference; lastKnownFileType = wrapper.framework; name = StoreKit.framework; path = System/Library/Frameworks/StoreKit.framework; sourceTree = SDKROOT; };
		44DCF36A1A71948200D0DE89 /* Parse.framework */ = {isa = PBXFileReference; lastKnownFileType = wrapper.framework; name = Parse.framework; path = CityGo/Source/Frameworks/Parse.framework; sourceTree = "<group>"; };
		44DCF36B1A71948200D0DE89 /* ParseCrashReporting.framework */ = {isa = PBXFileReference; lastKnownFileType = wrapper.framework; name = ParseCrashReporting.framework; path = CityGo/Source/Frameworks/ParseCrashReporting.framework; sourceTree = "<group>"; };
		44DCF36C1A71948200D0DE89 /* ParseFacebookUtils.framework */ = {isa = PBXFileReference; lastKnownFileType = wrapper.framework; name = ParseFacebookUtils.framework; path = CityGo/Source/Frameworks/ParseFacebookUtils.framework; sourceTree = "<group>"; };
		44DCF36D1A71948200D0DE89 /* ParseUI.framework */ = {isa = PBXFileReference; lastKnownFileType = wrapper.framework; name = ParseUI.framework; path = CityGo/Source/Frameworks/ParseUI.framework; sourceTree = "<group>"; };
		44DCF3731A71953900D0DE89 /* CGParseAppDelegate.h */ = {isa = PBXFileReference; fileEncoding = 4; lastKnownFileType = sourcecode.c.h; name = CGParseAppDelegate.h; path = ParseAppDelegate/CGParseAppDelegate.h; sourceTree = "<group>"; };
		44DCF3741A71953900D0DE89 /* CGParseAppDelegate.m */ = {isa = PBXFileReference; fileEncoding = 4; lastKnownFileType = sourcecode.c.objc; name = CGParseAppDelegate.m; path = ParseAppDelegate/CGParseAppDelegate.m; sourceTree = "<group>"; };
		44DCF3771A719A7600D0DE89 /* CGLoginViewController.h */ = {isa = PBXFileReference; fileEncoding = 4; lastKnownFileType = sourcecode.c.h; name = CGLoginViewController.h; path = Login/CGLoginViewController.h; sourceTree = "<group>"; };
		44DCF3781A719A7600D0DE89 /* CGLoginViewController.m */ = {isa = PBXFileReference; fileEncoding = 4; lastKnownFileType = sourcecode.c.objc; name = CGLoginViewController.m; path = Login/CGLoginViewController.m; sourceTree = "<group>"; };
		44DCF37B1A71A18000D0DE89 /* OLGhostAlertView.h */ = {isa = PBXFileReference; fileEncoding = 4; lastKnownFileType = sourcecode.c.h; path = OLGhostAlertView.h; sourceTree = "<group>"; };
		44DCF37C1A71A18000D0DE89 /* OLGhostAlertView.m */ = {isa = PBXFileReference; fileEncoding = 4; lastKnownFileType = sourcecode.c.objc; path = OLGhostAlertView.m; sourceTree = "<group>"; };
		44DCF37E1A71B31500D0DE89 /* Social.framework */ = {isa = PBXFileReference; lastKnownFileType = wrapper.framework; name = Social.framework; path = System/Library/Frameworks/Social.framework; sourceTree = SDKROOT; };
		44DCF3801A71B38500D0DE89 /* Accounts.framework */ = {isa = PBXFileReference; lastKnownFileType = wrapper.framework; name = Accounts.framework; path = System/Library/Frameworks/Accounts.framework; sourceTree = SDKROOT; };
		D0C01B273AE8F8CF9D4BF763 /* Pods.debug.xcconfig */ = {isa = PBXFileReference; includeInIndex = 1; lastKnownFileType = text.xcconfig; name = Pods.debug.xcconfig; path = "Pods/Target Support Files/Pods/Pods.debug.xcconfig"; sourceTree = "<group>"; };
		D3D096E7959E711084A827AE /* Pods.release.xcconfig */ = {isa = PBXFileReference; includeInIndex = 1; lastKnownFileType = text.xcconfig; name = Pods.release.xcconfig; path = "Pods/Target Support Files/Pods/Pods.release.xcconfig"; sourceTree = "<group>"; };
		FF6B045530F1F7F594029510 /* libPods.a */ = {isa = PBXFileReference; explicitFileType = archive.ar; includeInIndex = 0; path = libPods.a; sourceTree = BUILT_PRODUCTS_DIR; };
/* End PBXFileReference section */

/* Begin PBXFrameworksBuildPhase section */
		447CDBF61A6EF10E00CA9A07 /* Frameworks */ = {
			isa = PBXFrameworksBuildPhase;
			buildActionMask = 2147483647;
			files = (
				44A3B44F1A756F8B0064938B /* SystemConfiguration.framework in Frameworks */,
				44DCF3691A71945900D0DE89 /* StoreKit.framework in Frameworks */,
				44DCF3671A71944E00D0DE89 /* libz.1.1.3.dylib in Frameworks */,
				44DCF3711A71948200D0DE89 /* ParseUI.framework in Frameworks */,
				44DCF3651A71944200D0DE89 /* CoreLocation.framework in Frameworks */,
				44DCF3631A71943800D0DE89 /* libstdc++.6.dylib in Frameworks */,
				44DCF35F1A71940200D0DE89 /* libsqlite3.0.dylib in Frameworks */,
				44DCF36E1A71948200D0DE89 /* Parse.framework in Frameworks */,
				44DCF36F1A71948200D0DE89 /* ParseCrashReporting.framework in Frameworks */,
				6F3F8FCB6F14301DCC1A5332 /* libPods.a in Frameworks */,
				44DCF3701A71948200D0DE89 /* ParseFacebookUtils.framework in Frameworks */,
			);
			runOnlyForDeploymentPostprocessing = 0;
		};
		447CDC0F1A6EF10E00CA9A07 /* Frameworks */ = {
			isa = PBXFrameworksBuildPhase;
			buildActionMask = 2147483647;
			files = (
			);
			runOnlyForDeploymentPostprocessing = 0;
		};
/* End PBXFrameworksBuildPhase section */

/* Begin PBXGroup section */
		44349B691A74455200DF86CE /* SignUp */ = {
			isa = PBXGroup;
			children = (
				44349B6A1A74456F00DF86CE /* CGSignUpViewController.h */,
				44349B6B1A74456F00DF86CE /* CGSignUpViewController.m */,
			);
			name = SignUp;
			sourceTree = "<group>";
		};
		44349B721A74540A00DF86CE /* Protocols */ = {
			isa = PBXGroup;
			children = (
				448430C91A76CD010037AD8B /* CGSignInProtocol.h */,
				44349B731A74545300DF86CE /* CGSignUpProtocol.h */,
			);
			name = Protocols;
			sourceTree = "<group>";
		};
		44349B751A7454B300DF86CE /* SignIn */ = {
			isa = PBXGroup;
			children = (
				44349B761A7454E200DF86CE /* CGSignInGateway.h */,
				44349B771A7454E200DF86CE /* CGSignInGateway.m */,
			);
			name = SignIn;
			sourceTree = "<group>";
		};
		44349B791A74551B00DF86CE /* Facebook */ = {
			isa = PBXGroup;
			children = (
				44349B7A1A74553400DF86CE /* CGFacebookGateway.h */,
				44349B7B1A74553400DF86CE /* CGFacebookGateway.m */,
			);
			name = Facebook;
			sourceTree = "<group>";
		};
		4456A2B21A797418008BF714 /* GFSignInTextField */ = {
			isa = PBXGroup;
			children = (
				4456A2B31A797418008BF714 /* GFSignInTextField.h */,
				4456A2B41A797418008BF714 /* GFSignInTextField.m */,
			);
			path = GFSignInTextField;
			sourceTree = "<group>";
		};
		447CDBF01A6EF10E00CA9A07 = {
			isa = PBXGroup;
			children = (
				447CDBFB1A6EF10E00CA9A07 /* CityGo */,
				447CDBFA1A6EF10E00CA9A07 /* Products */,
				5E495E8FDF5A1E63958B33BF /* Pods */,
				810DA55FEEFB201A381CEC21 /* Frameworks */,
			);
			sourceTree = "<group>";
		};
		447CDBFA1A6EF10E00CA9A07 /* Products */ = {
			isa = PBXGroup;
			children = (
				447CDBF91A6EF10E00CA9A07 /* CityGo.app */,
				447CDC121A6EF10E00CA9A07 /* CityGoTests.xctest */,
			);
			name = Products;
			sourceTree = "<group>";
		};
		447CDBFB1A6EF10E00CA9A07 /* CityGo */ = {
			isa = PBXGroup;
			children = (
				447CDC221A6EF3CC00CA9A07 /* Source */,
			);
			path = CityGo;
			sourceTree = "<group>";
		};
		447CDC221A6EF3CC00CA9A07 /* Source */ = {
			isa = PBXGroup;
			children = (
				448431091A76CF9C0037AD8B /* Categories */,
				448430CA1A76CD0A0037AD8B /* Controls */,
				44349B721A74540A00DF86CE /* Protocols */,
				447CDC2B1A6EF3CC00CA9A07 /* Logic */,
				447CDC301A6EF3CC00CA9A07 /* Models */,
				447CDC2E1A6EF3CC00CA9A07 /* Main */,
				44DCF3461A71861700D0DE89 /* ViewControllers */,
				447CDC231A6EF3CC00CA9A07 /* AppDelegate */,
				447CDC311A6EF3CC00CA9A07 /* Resources */,
				447CDC3B1A6EF3CC00CA9A07 /* Utilities */,
				447CDC3C1A6EF3CC00CA9A07 /* Vendor */,
				447CDC2A1A6EF3CC00CA9A07 /* Helpers */,
				44DCF34B1A71866F00D0DE89 /* CGGlobalSettings.h */,
				44DCF34C1A71872800D0DE89 /* Prefix.pch */,
			);
			path = Source;
			sourceTree = "<group>";
		};
		447CDC231A6EF3CC00CA9A07 /* AppDelegate */ = {
			isa = PBXGroup;
			children = (
				44DCF3721A71950E00D0DE89 /* ParseAppDelegate */,
				447CDC241A6EF3CC00CA9A07 /* AppDelegate.h */,
				447CDC251A6EF3CC00CA9A07 /* AppDelegate.m */,
			);
			path = AppDelegate;
			sourceTree = "<group>";
		};
		447CDC2A1A6EF3CC00CA9A07 /* Helpers */ = {
			isa = PBXGroup;
			children = (
				44DCF3521A71914900D0DE89 /* CGNotifier */,
			);
			path = Helpers;
			sourceTree = "<group>";
		};
		447CDC2B1A6EF3CC00CA9A07 /* Logic */ = {
			isa = PBXGroup;
			children = (
				447CDC2C1A6EF3CC00CA9A07 /* Networking */,
				447CDC2D1A6EF3CC00CA9A07 /* Root */,
			);
			path = Logic;
			sourceTree = "<group>";
		};
		447CDC2C1A6EF3CC00CA9A07 /* Networking */ = {
			isa = PBXGroup;
			children = (
				44856D7F1A783376007B2D76 /* SignUp */,
				449B76D91A759F2E0091CEB7 /* VK */,
				44A3B4571A757F000064938B /* Twitter */,
				44349B791A74551B00DF86CE /* Facebook */,
				44349B751A7454B300DF86CE /* SignIn */,
			);
			path = Networking;
			sourceTree = "<group>";
		};
		447CDC2D1A6EF3CC00CA9A07 /* Root */ = {
			isa = PBXGroup;
			children = (
				44349B6F1A74538900DF86CE /* CGRootGateway.h */,
				44349B701A74538900DF86CE /* CGRootGateway.m */,
			);
			path = Root;
			sourceTree = "<group>";
		};
		447CDC2E1A6EF3CC00CA9A07 /* Main */ = {
			isa = PBXGroup;
			children = (
				447CDC2F1A6EF3CC00CA9A07 /* main.m */,
			);
			path = Main;
			sourceTree = "<group>";
		};
		447CDC301A6EF3CC00CA9A07 /* Models */ = {
			isa = PBXGroup;
			children = (
			);
			path = Models;
			sourceTree = "<group>";
		};
		447CDC311A6EF3CC00CA9A07 /* Resources */ = {
			isa = PBXGroup;
			children = (
				447CDC321A6EF3CC00CA9A07 /* Images */,
				447CDC341A6EF3CC00CA9A07 /* Plists */,
				447CDC361A6EF3CC00CA9A07 /* Stroryboards */,
			);
			path = Resources;
			sourceTree = "<group>";
		};
		447CDC321A6EF3CC00CA9A07 /* Images */ = {
			isa = PBXGroup;
			children = (
				447CDC331A6EF3CC00CA9A07 /* Images.xcassets */,
			);
			path = Images;
			sourceTree = "<group>";
		};
		447CDC341A6EF3CC00CA9A07 /* Plists */ = {
			isa = PBXGroup;
			children = (
				447CDC351A6EF3CC00CA9A07 /* Info.plist */,
			);
			path = Plists;
			sourceTree = "<group>";
		};
		447CDC361A6EF3CC00CA9A07 /* Stroryboards */ = {
			isa = PBXGroup;
			children = (
				447CDC391A6EF3CC00CA9A07 /* Main.storyboard */,
			);
			path = Stroryboards;
			sourceTree = "<group>";
		};
		447CDC3B1A6EF3CC00CA9A07 /* Utilities */ = {
			isa = PBXGroup;
			children = (
			);
			path = Utilities;
			sourceTree = "<group>";
		};
		447CDC3C1A6EF3CC00CA9A07 /* Vendor */ = {
			isa = PBXGroup;
			children = (
				44A3B4501A756FC90064938B /* FHSTwitterEngine */,
				44DCF37A1A71A18000D0DE89 /* GostAlertView */,
			);
			path = Vendor;
			sourceTree = "<group>";
		};
		448430CA1A76CD0A0037AD8B /* Controls */ = {
			isa = PBXGroup;
			children = (
				4456A2B21A797418008BF714 /* GFSignInTextField */,
				448430FF1A76CD2F0037AD8B /* Auth */,
				448431031A76CD2F0037AD8B /* Base */,
				448430CB1A76CD180037AD8B /* SignUp */,
			);
			path = Controls;
			sourceTree = "<group>";
		};
		448430CB1A76CD180037AD8B /* SignUp */ = {
			isa = PBXGroup;
			children = (
				448430CC1A76CD180037AD8B /* Base */,
				448430D01A76CD180037AD8B /* Date */,
				448430D41A76CD180037AD8B /* Email */,
				448430DC1A76CD180037AD8B /* LastName */,
				448430E01A76CD180037AD8B /* LimitedInput */,
				448430E51A76CD180037AD8B /* Password */,
				448430EC1A76CD180037AD8B /* Required */,
			);
			path = SignUp;
			sourceTree = "<group>";
		};
		448430CC1A76CD180037AD8B /* Base */ = {
			isa = PBXGroup;
			children = (
				448430CD1A76CD180037AD8B /* GFSignUpTextField */,
			);
			path = Base;
			sourceTree = "<group>";
		};
		448430CD1A76CD180037AD8B /* GFSignUpTextField */ = {
			isa = PBXGroup;
			children = (
				448430CE1A76CD180037AD8B /* GFSignUpTextField.h */,
				448430CF1A76CD180037AD8B /* GFSignUpTextField.m */,
			);
			path = GFSignUpTextField;
			sourceTree = "<group>";
		};
		448430D01A76CD180037AD8B /* Date */ = {
			isa = PBXGroup;
			children = (
				448430D11A76CD180037AD8B /* GFDateTextField */,
			);
			path = Date;
			sourceTree = "<group>";
		};
		448430D11A76CD180037AD8B /* GFDateTextField */ = {
			isa = PBXGroup;
			children = (
				448430D21A76CD180037AD8B /* GFDateTextField.h */,
				448430D31A76CD180037AD8B /* GFDateTextField.m */,
			);
			path = GFDateTextField;
			sourceTree = "<group>";
		};
		448430D41A76CD180037AD8B /* Email */ = {
			isa = PBXGroup;
			children = (
				448430D51A76CD180037AD8B /* GFEmailTextField */,
			);
			path = Email;
			sourceTree = "<group>";
		};
		448430D51A76CD180037AD8B /* GFEmailTextField */ = {
			isa = PBXGroup;
			children = (
				448430D61A76CD180037AD8B /* GFEmailTextField.h */,
				448430D71A76CD180037AD8B /* GFEmailTextField.m */,
			);
			path = GFEmailTextField;
			sourceTree = "<group>";
		};
		448430DC1A76CD180037AD8B /* LastName */ = {
			isa = PBXGroup;
			children = (
				448430DD1A76CD180037AD8B /* GFLastNameTextField */,
			);
			path = LastName;
			sourceTree = "<group>";
		};
		448430DD1A76CD180037AD8B /* GFLastNameTextField */ = {
			isa = PBXGroup;
			children = (
				448430DE1A76CD180037AD8B /* GFLastNameTextField.h */,
				448430DF1A76CD180037AD8B /* GFLastNameTextField.m */,
			);
			path = GFLastNameTextField;
			sourceTree = "<group>";
		};
		448430E01A76CD180037AD8B /* LimitedInput */ = {
			isa = PBXGroup;
			children = (
				448430E11A76CD180037AD8B /* GFLimitedInputTextField */,
			);
			path = LimitedInput;
			sourceTree = "<group>";
		};
		448430E11A76CD180037AD8B /* GFLimitedInputTextField */ = {
			isa = PBXGroup;
			children = (
				448430E21A76CD180037AD8B /* GFLimitedInputTextField.h */,
				448430E31A76CD180037AD8B /* GFLimitedInputTextField.m */,
				448430E41A76CD180037AD8B /* GFLimitedInputTextFieldProtected.h */,
			);
			path = GFLimitedInputTextField;
			sourceTree = "<group>";
		};
		448430E51A76CD180037AD8B /* Password */ = {
			isa = PBXGroup;
			children = (
				448430E61A76CD180037AD8B /* GFConfirmPasswordTextField */,
				448430E91A76CD180037AD8B /* GFPasswordTextField */,
			);
			path = Password;
			sourceTree = "<group>";
		};
		448430E61A76CD180037AD8B /* GFConfirmPasswordTextField */ = {
			isa = PBXGroup;
			children = (
				448430E71A76CD180037AD8B /* GFConfirmPasswordTextField.h */,
				448430E81A76CD180037AD8B /* GFConfirmPasswordTextField.m */,
			);
			path = GFConfirmPasswordTextField;
			sourceTree = "<group>";
		};
		448430E91A76CD180037AD8B /* GFPasswordTextField */ = {
			isa = PBXGroup;
			children = (
				448430EA1A76CD180037AD8B /* GFPasswordTextField.h */,
				448430EB1A76CD180037AD8B /* GFPasswordTextField.m */,
			);
			path = GFPasswordTextField;
			sourceTree = "<group>";
		};
		448430EC1A76CD180037AD8B /* Required */ = {
			isa = PBXGroup;
			children = (
				448430ED1A76CD180037AD8B /* GFRequiredSignUpTextField */,
			);
			path = Required;
			sourceTree = "<group>";
		};
		448430ED1A76CD180037AD8B /* GFRequiredSignUpTextField */ = {
			isa = PBXGroup;
			children = (
				448430EE1A76CD180037AD8B /* GFRequiredSignUpTextField.h */,
				448430EF1A76CD180037AD8B /* GFRequiredSignUpTextField.m */,
				448430F01A76CD180037AD8B /* GFRequiredSignUpTextFieldProtected.h */,
			);
			path = GFRequiredSignUpTextField;
			sourceTree = "<group>";
		};
		448430FF1A76CD2F0037AD8B /* Auth */ = {
			isa = PBXGroup;
			children = (
				448431001A76CD2F0037AD8B /* GFAuthTextField */,
			);
			path = Auth;
			sourceTree = "<group>";
		};
		448431001A76CD2F0037AD8B /* GFAuthTextField */ = {
			isa = PBXGroup;
			children = (
				448431011A76CD2F0037AD8B /* GFAuthTextField.h */,
				448431021A76CD2F0037AD8B /* GFAuthTextField.m */,
			);
			path = GFAuthTextField;
			sourceTree = "<group>";
		};
		448431031A76CD2F0037AD8B /* Base */ = {
			isa = PBXGroup;
			children = (
				448431041A76CD2F0037AD8B /* GFTextField */,
			);
			path = Base;
			sourceTree = "<group>";
		};
		448431041A76CD2F0037AD8B /* GFTextField */ = {
			isa = PBXGroup;
			children = (
				448431051A76CD2F0037AD8B /* GFTextField.h */,
				448431061A76CD2F0037AD8B /* GFTextField.m */,
			);
			path = GFTextField;
			sourceTree = "<group>";
		};
		448431091A76CF9C0037AD8B /* Categories */ = {
			isa = PBXGroup;
			children = (
				4484310A1A76CFB10037AD8B /* NSDate */,
				4484310D1A76CFB10037AD8B /* UIImage */,
				448431171A76CFB10037AD8B /* UITextField */,
				4484311B1A76CFB10037AD8B /* UIViewController */,
			);
			path = Categories;
			sourceTree = "<group>";
		};
		4484310A1A76CFB10037AD8B /* NSDate */ = {
			isa = PBXGroup;
			children = (
				4484310B1A76CFB10037AD8B /* NSDate+CompareDateOnly.h */,
				4484310C1A76CFB10037AD8B /* NSDate+CompareDateOnly.m */,
			);
			path = NSDate;
			sourceTree = "<group>";
		};
		4484310D1A76CFB10037AD8B /* UIImage */ = {
			isa = PBXGroup;
			children = (
				4484310E1A76CFB10037AD8B /* UIImage+Alpha */,
				448431111A76CFB10037AD8B /* UIImage+Resize */,
				448431141A76CFB10037AD8B /* UIImage+RoundedCorner */,
			);
			path = UIImage;
			sourceTree = "<group>";
		};
		4484310E1A76CFB10037AD8B /* UIImage+Alpha */ = {
			isa = PBXGroup;
			children = (
				4484310F1A76CFB10037AD8B /* UIImage+Alpha.h */,
				448431101A76CFB10037AD8B /* UIImage+Alpha.m */,
			);
			path = "UIImage+Alpha";
			sourceTree = "<group>";
		};
		448431111A76CFB10037AD8B /* UIImage+Resize */ = {
			isa = PBXGroup;
			children = (
				448431121A76CFB10037AD8B /* UIImage+Resize.h */,
				448431131A76CFB10037AD8B /* UIImage+Resize.m */,
			);
			path = "UIImage+Resize";
			sourceTree = "<group>";
		};
		448431141A76CFB10037AD8B /* UIImage+RoundedCorner */ = {
			isa = PBXGroup;
			children = (
				448431151A76CFB10037AD8B /* UIImage+RoundedCorner.h */,
				448431161A76CFB10037AD8B /* UIImage+RoundedCorner.m */,
			);
			path = "UIImage+RoundedCorner";
			sourceTree = "<group>";
		};
		448431171A76CFB10037AD8B /* UITextField */ = {
			isa = PBXGroup;
			children = (
				448431181A76CFB10037AD8B /* UITextField+NextTextField */,
			);
			path = UITextField;
			sourceTree = "<group>";
		};
		448431181A76CFB10037AD8B /* UITextField+NextTextField */ = {
			isa = PBXGroup;
			children = (
				448431191A76CFB10037AD8B /* UITextField+NextTextField.h */,
				4484311A1A76CFB10037AD8B /* UITextField+NextTextField.m */,
			);
			path = "UITextField+NextTextField";
			sourceTree = "<group>";
		};
		4484311B1A76CFB10037AD8B /* UIViewController */ = {
			isa = PBXGroup;
			children = (
				4484311C1A76CFB10037AD8B /* UIViewController+Additions.h */,
				4484311D1A76CFB10037AD8B /* UIViewController+Additions.m */,
			);
			path = UIViewController;
			sourceTree = "<group>";
		};
		44856D7F1A783376007B2D76 /* SignUp */ = {
			isa = PBXGroup;
			children = (
				44856D801A7833CB007B2D76 /* CGSignUpGateway.h */,
				44856D811A7833CB007B2D76 /* CGSignUpGateway.m */,
			);
			name = SignUp;
			sourceTree = "<group>";
		};
		449B76D91A759F2E0091CEB7 /* VK */ = {
			isa = PBXGroup;
			children = (
				449B76DA1A759F5F0091CEB7 /* CGVkGateway.h */,
				449B76DB1A759F5F0091CEB7 /* CGVkGateway.m */,
			);
			name = VK;
			sourceTree = "<group>";
		};
		44A3B4501A756FC90064938B /* FHSTwitterEngine */ = {
			isa = PBXGroup;
			children = (
				44A3B4511A756FC90064938B /* FHSStream.h */,
				44A3B4521A756FC90064938B /* FHSStream.m */,
				44A3B4531A756FC90064938B /* FHSTwitterEngine.h */,
				44A3B4541A756FC90064938B /* FHSTwitterEngine.m */,
			);
			path = FHSTwitterEngine;
			sourceTree = "<group>";
		};
		44A3B4571A757F000064938B /* Twitter */ = {
			isa = PBXGroup;
			children = (
				44A3B4581A757F1D0064938B /* CGTwitterGateway.h */,
				44A3B4591A757F1D0064938B /* CGTwitterGateway.m */,
			);
			name = Twitter;
			sourceTree = "<group>";
		};
		44B7BEE81A746C5F002AC33D /* Conversations */ = {
			isa = PBXGroup;
			children = (
				44B7BEE91A746C8C002AC33D /* CGConversationsViewController.h */,
				44B7BEEA1A746C8C002AC33D /* CGConversationsViewController.m */,
			);
			name = Conversations;
			sourceTree = "<group>";
		};
		44DCF3461A71861700D0DE89 /* ViewControllers */ = {
			isa = PBXGroup;
			children = (
				44B7BEE81A746C5F002AC33D /* Conversations */,
				44349B691A74455200DF86CE /* SignUp */,
				44DCF3761A719A5100D0DE89 /* Login */,
				44DCF34D1A7188F300D0DE89 /* Base */,
				44DCF3471A71861700D0DE89 /* Main */,
			);
			path = ViewControllers;
			sourceTree = "<group>";
		};
		44DCF3471A71861700D0DE89 /* Main */ = {
			isa = PBXGroup;
			children = (
				44DCF3481A71861700D0DE89 /* CGMainViewController.h */,
				44DCF3491A71861700D0DE89 /* CGMainViewController.m */,
			);
			path = Main;
			sourceTree = "<group>";
		};
		44DCF34D1A7188F300D0DE89 /* Base */ = {
			isa = PBXGroup;
			children = (
				44DCF34E1A71891A00D0DE89 /* CGViewControllerProtected.h */,
				44DCF34F1A718A7B00D0DE89 /* CGViewController.h */,
				44DCF3501A718A7B00D0DE89 /* CGViewController.m */,
			);
			name = Base;
			sourceTree = "<group>";
		};
		44DCF3521A71914900D0DE89 /* CGNotifier */ = {
			isa = PBXGroup;
			children = (
				44DCF3531A71919400D0DE89 /* CGNotifier.h */,
				44DCF3541A71919400D0DE89 /* CGNotifier.m */,
			);
			name = CGNotifier;
			sourceTree = "<group>";
		};
		44DCF3721A71950E00D0DE89 /* ParseAppDelegate */ = {
			isa = PBXGroup;
			children = (
				44DCF3731A71953900D0DE89 /* CGParseAppDelegate.h */,
				44DCF3741A71953900D0DE89 /* CGParseAppDelegate.m */,
			);
			name = ParseAppDelegate;
			sourceTree = "<group>";
		};
		44DCF3761A719A5100D0DE89 /* Login */ = {
			isa = PBXGroup;
			children = (
				44DCF3771A719A7600D0DE89 /* CGLoginViewController.h */,
				44DCF3781A719A7600D0DE89 /* CGLoginViewController.m */,
			);
			name = Login;
			sourceTree = "<group>";
		};
		44DCF37A1A71A18000D0DE89 /* GostAlertView */ = {
			isa = PBXGroup;
			children = (
				44DCF37B1A71A18000D0DE89 /* OLGhostAlertView.h */,
				44DCF37C1A71A18000D0DE89 /* OLGhostAlertView.m */,
			);
			path = GostAlertView;
			sourceTree = "<group>";
		};
		5E495E8FDF5A1E63958B33BF /* Pods */ = {
			isa = PBXGroup;
			children = (
				D0C01B273AE8F8CF9D4BF763 /* Pods.debug.xcconfig */,
				D3D096E7959E711084A827AE /* Pods.release.xcconfig */,
			);
			name = Pods;
			sourceTree = "<group>";
		};
		810DA55FEEFB201A381CEC21 /* Frameworks */ = {
			isa = PBXGroup;
			children = (
				44A3B44E1A756F8B0064938B /* SystemConfiguration.framework */,
				44DCF3801A71B38500D0DE89 /* Accounts.framework */,
				44DCF37E1A71B31500D0DE89 /* Social.framework */,
				44DCF36A1A71948200D0DE89 /* Parse.framework */,
				44DCF36B1A71948200D0DE89 /* ParseCrashReporting.framework */,
				44DCF36C1A71948200D0DE89 /* ParseFacebookUtils.framework */,
				44DCF36D1A71948200D0DE89 /* ParseUI.framework */,
				44DCF3681A71945900D0DE89 /* StoreKit.framework */,
				44DCF3661A71944E00D0DE89 /* libz.1.1.3.dylib */,
				44DCF3641A71944200D0DE89 /* CoreLocation.framework */,
				44DCF3621A71943800D0DE89 /* libstdc++.6.dylib */,
				44DCF35E1A71940200D0DE89 /* libsqlite3.0.dylib */,
				FF6B045530F1F7F594029510 /* libPods.a */,
			);
			name = Frameworks;
			sourceTree = "<group>";
		};
/* End PBXGroup section */

/* Begin PBXNativeTarget section */
		447CDBF81A6EF10E00CA9A07 /* CityGo */ = {
			isa = PBXNativeTarget;
			buildConfigurationList = 447CDC1C1A6EF10E00CA9A07 /* Build configuration list for PBXNativeTarget "CityGo" */;
			buildPhases = (
				6AD88DA5424CC6854E965637 /* Check Pods Manifest.lock */,
				447CDBF51A6EF10E00CA9A07 /* Sources */,
				447CDBF61A6EF10E00CA9A07 /* Frameworks */,
				447CDBF71A6EF10E00CA9A07 /* Resources */,
				B10168FFF958DFD1544FB42C /* Copy Pods Resources */,
			);
			buildRules = (
			);
			dependencies = (
			);
			name = CityGo;
			productName = CityGo;
			productReference = 447CDBF91A6EF10E00CA9A07 /* CityGo.app */;
			productType = "com.apple.product-type.application";
		};
		447CDC111A6EF10E00CA9A07 /* CityGoTests */ = {
			isa = PBXNativeTarget;
			buildConfigurationList = 447CDC1F1A6EF10E00CA9A07 /* Build configuration list for PBXNativeTarget "CityGoTests" */;
			buildPhases = (
				447CDC0E1A6EF10E00CA9A07 /* Sources */,
				447CDC0F1A6EF10E00CA9A07 /* Frameworks */,
				447CDC101A6EF10E00CA9A07 /* Resources */,
			);
			buildRules = (
			);
			dependencies = (
				447CDC4C1A6EF4C400CA9A07 /* PBXTargetDependency */,
			);
			name = CityGoTests;
			productName = CityGoTests;
			productReference = 447CDC121A6EF10E00CA9A07 /* CityGoTests.xctest */;
			productType = "com.apple.product-type.bundle.unit-test";
		};
/* End PBXNativeTarget section */

/* Begin PBXProject section */
		447CDBF11A6EF10E00CA9A07 /* Project object */ = {
			isa = PBXProject;
			attributes = {
				CLASSPREFIX = CG;
				LastUpgradeCheck = 0610;
				ORGANIZATIONNAME = "Ruslan Moskalenko";
				TargetAttributes = {
					447CDBF81A6EF10E00CA9A07 = {
						CreatedOnToolsVersion = 6.1.1;
					};
					447CDC111A6EF10E00CA9A07 = {
						CreatedOnToolsVersion = 6.1.1;
						TestTargetID = 447CDBF81A6EF10E00CA9A07;
					};
				};
			};
			buildConfigurationList = 447CDBF41A6EF10E00CA9A07 /* Build configuration list for PBXProject "CityGo" */;
			compatibilityVersion = "Xcode 3.2";
			developmentRegion = English;
			hasScannedForEncodings = 0;
			knownRegions = (
				en,
				Base,
			);
			mainGroup = 447CDBF01A6EF10E00CA9A07;
			productRefGroup = 447CDBFA1A6EF10E00CA9A07 /* Products */;
			projectDirPath = "";
			projectRoot = "";
			targets = (
				447CDBF81A6EF10E00CA9A07 /* CityGo */,
				447CDC111A6EF10E00CA9A07 /* CityGoTests */,
			);
		};
/* End PBXProject section */

/* Begin PBXResourcesBuildPhase section */
		447CDBF71A6EF10E00CA9A07 /* Resources */ = {
			isa = PBXResourcesBuildPhase;
			buildActionMask = 2147483647;
			files = (
				447CDC471A6EF3CC00CA9A07 /* Main.storyboard in Resources */,
				447CDC441A6EF3CC00CA9A07 /* Images.xcassets in Resources */,
			);
			runOnlyForDeploymentPostprocessing = 0;
		};
		447CDC101A6EF10E00CA9A07 /* Resources */ = {
			isa = PBXResourcesBuildPhase;
			buildActionMask = 2147483647;
			files = (
			);
			runOnlyForDeploymentPostprocessing = 0;
		};
/* End PBXResourcesBuildPhase section */

/* Begin PBXShellScriptBuildPhase section */
		6AD88DA5424CC6854E965637 /* Check Pods Manifest.lock */ = {
			isa = PBXShellScriptBuildPhase;
			buildActionMask = 2147483647;
			files = (
			);
			inputPaths = (
			);
			name = "Check Pods Manifest.lock";
			outputPaths = (
			);
			runOnlyForDeploymentPostprocessing = 0;
			shellPath = /bin/sh;
			shellScript = "diff \"${PODS_ROOT}/../Podfile.lock\" \"${PODS_ROOT}/Manifest.lock\" > /dev/null\nif [[ $? != 0 ]] ; then\n    cat << EOM\nerror: The sandbox is not in sync with the Podfile.lock. Run 'pod install' or update your CocoaPods installation.\nEOM\n    exit 1\nfi\n";
			showEnvVarsInLog = 0;
		};
		B10168FFF958DFD1544FB42C /* Copy Pods Resources */ = {
			isa = PBXShellScriptBuildPhase;
			buildActionMask = 2147483647;
			files = (
			);
			inputPaths = (
			);
			name = "Copy Pods Resources";
			outputPaths = (
			);
			runOnlyForDeploymentPostprocessing = 0;
			shellPath = /bin/sh;
			shellScript = "\"${SRCROOT}/Pods/Target Support Files/Pods/Pods-resources.sh\"\n";
			showEnvVarsInLog = 0;
		};
/* End PBXShellScriptBuildPhase section */

/* Begin PBXSourcesBuildPhase section */
		447CDBF51A6EF10E00CA9A07 /* Sources */ = {
			isa = PBXSourcesBuildPhase;
			buildActionMask = 2147483647;
			files = (
				4484311E1A76CFB10037AD8B /* NSDate+CompareDateOnly.m in Sources */,
				4456A2B51A797418008BF714 /* GFSignInTextField.m in Sources */,
				448430FA1A76CD180037AD8B /* GFLimitedInputTextField.m in Sources */,
				44DCF37D1A71A18000D0DE89 /* OLGhostAlertView.m in Sources */,
				44DCF34A1A71861700D0DE89 /* CGMainViewController.m in Sources */,
				448430F51A76CD180037AD8B /* GFSignUpTextField.m in Sources */,
				447CDC431A6EF3CC00CA9A07 /* main.m in Sources */,
				448430FB1A76CD180037AD8B /* GFConfirmPasswordTextField.m in Sources */,
				44DCF3751A71953900D0DE89 /* CGParseAppDelegate.m in Sources */,
				44349B7C1A74553400DF86CE /* CGFacebookGateway.m in Sources */,
				44B7BEEB1A746C8C002AC33D /* CGConversationsViewController.m in Sources */,
				448430F71A76CD180037AD8B /* GFEmailTextField.m in Sources */,
				448431071A76CD2F0037AD8B /* GFAuthTextField.m in Sources */,
				44DCF3511A718A7B00D0DE89 /* CGViewController.m in Sources */,
				447CDC401A6EF3CC00CA9A07 /* AppDelegate.m in Sources */,
				448430F61A76CD180037AD8B /* GFDateTextField.m in Sources */,
				44A3B4561A756FC90064938B /* FHSTwitterEngine.m in Sources */,
				448431221A76CFB10037AD8B /* UITextField+NextTextField.m in Sources */,
				448430FD1A76CD180037AD8B /* GFRequiredSignUpTextField.m in Sources */,
				448430FC1A76CD180037AD8B /* GFPasswordTextField.m in Sources */,
				44349B781A7454E200DF86CE /* CGSignInGateway.m in Sources */,
				44856D821A7833CB007B2D76 /* CGSignUpGateway.m in Sources */,
				4484311F1A76CFB10037AD8B /* UIImage+Alpha.m in Sources */,
				44DCF3791A719A7600D0DE89 /* CGLoginViewController.m in Sources */,
				44DCF3551A71919400D0DE89 /* CGNotifier.m in Sources */,
				448431081A76CD2F0037AD8B /* GFTextField.m in Sources */,
				44A3B45A1A757F1D0064938B /* CGTwitterGateway.m in Sources */,
				448430F91A76CD180037AD8B /* GFLastNameTextField.m in Sources */,
				44A3B4551A756FC90064938B /* FHSStream.m in Sources */,
				448431231A76CFB10037AD8B /* UIViewController+Additions.m in Sources */,
				44349B711A74538900DF86CE /* CGRootGateway.m in Sources */,
				449B76DC1A759F5F0091CEB7 /* CGVkGateway.m in Sources */,
				448431211A76CFB10037AD8B /* UIImage+RoundedCorner.m in Sources */,
				44349B6C1A74456F00DF86CE /* CGSignUpViewController.m in Sources */,
				448431201A76CFB10037AD8B /* UIImage+Resize.m in Sources */,
			);
			runOnlyForDeploymentPostprocessing = 0;
		};
		447CDC0E1A6EF10E00CA9A07 /* Sources */ = {
			isa = PBXSourcesBuildPhase;
			buildActionMask = 2147483647;
			files = (
			);
			runOnlyForDeploymentPostprocessing = 0;
		};
/* End PBXSourcesBuildPhase section */

/* Begin PBXTargetDependency section */
		447CDC4C1A6EF4C400CA9A07 /* PBXTargetDependency */ = {
			isa = PBXTargetDependency;
			target = 447CDBF81A6EF10E00CA9A07 /* CityGo */;
			targetProxy = 447CDC4B1A6EF4C400CA9A07 /* PBXContainerItemProxy */;
		};
/* End PBXTargetDependency section */

/* Begin PBXVariantGroup section */
		447CDC391A6EF3CC00CA9A07 /* Main.storyboard */ = {
			isa = PBXVariantGroup;
			children = (
				447CDC3A1A6EF3CC00CA9A07 /* Base */,
			);
			name = Main.storyboard;
			sourceTree = "<group>";
		};
/* End PBXVariantGroup section */

/* Begin XCBuildConfiguration section */
		447CDC1A1A6EF10E00CA9A07 /* Debug */ = {
			isa = XCBuildConfiguration;
			buildSettings = {
				ALWAYS_SEARCH_USER_PATHS = NO;
				CLANG_CXX_LANGUAGE_STANDARD = "gnu++0x";
				CLANG_CXX_LIBRARY = "libc++";
				CLANG_ENABLE_MODULES = YES;
				CLANG_ENABLE_OBJC_ARC = YES;
				CLANG_WARN_BOOL_CONVERSION = YES;
				CLANG_WARN_CONSTANT_CONVERSION = YES;
				CLANG_WARN_DIRECT_OBJC_ISA_USAGE = YES_ERROR;
				CLANG_WARN_EMPTY_BODY = YES;
				CLANG_WARN_ENUM_CONVERSION = YES;
				CLANG_WARN_INT_CONVERSION = YES;
				CLANG_WARN_OBJC_ROOT_CLASS = YES_ERROR;
				CLANG_WARN_UNREACHABLE_CODE = YES;
				CLANG_WARN__DUPLICATE_METHOD_MATCH = YES;
				"CODE_SIGN_IDENTITY[sdk=iphoneos*]" = "iPhone Developer";
				COPY_PHASE_STRIP = NO;
				ENABLE_STRICT_OBJC_MSGSEND = YES;
				GCC_C_LANGUAGE_STANDARD = gnu99;
				GCC_DYNAMIC_NO_PIC = NO;
				GCC_OPTIMIZATION_LEVEL = 0;
				GCC_PREPROCESSOR_DEFINITIONS = (
					"DEBUG=1",
					"$(inherited)",
				);
				GCC_SYMBOLS_PRIVATE_EXTERN = NO;
				GCC_WARN_64_TO_32_BIT_CONVERSION = YES;
				GCC_WARN_ABOUT_RETURN_TYPE = YES_ERROR;
				GCC_WARN_UNDECLARED_SELECTOR = YES;
				GCC_WARN_UNINITIALIZED_AUTOS = YES_AGGRESSIVE;
				GCC_WARN_UNUSED_FUNCTION = YES;
				GCC_WARN_UNUSED_VARIABLE = YES;
				IPHONEOS_DEPLOYMENT_TARGET = 8.1;
				MTL_ENABLE_DEBUG_INFO = YES;
				ONLY_ACTIVE_ARCH = YES;
				SDKROOT = iphoneos;
			};
			name = Debug;
		};
		447CDC1B1A6EF10E00CA9A07 /* Release */ = {
			isa = XCBuildConfiguration;
			buildSettings = {
				ALWAYS_SEARCH_USER_PATHS = NO;
				CLANG_CXX_LANGUAGE_STANDARD = "gnu++0x";
				CLANG_CXX_LIBRARY = "libc++";
				CLANG_ENABLE_MODULES = YES;
				CLANG_ENABLE_OBJC_ARC = YES;
				CLANG_WARN_BOOL_CONVERSION = YES;
				CLANG_WARN_CONSTANT_CONVERSION = YES;
				CLANG_WARN_DIRECT_OBJC_ISA_USAGE = YES_ERROR;
				CLANG_WARN_EMPTY_BODY = YES;
				CLANG_WARN_ENUM_CONVERSION = YES;
				CLANG_WARN_INT_CONVERSION = YES;
				CLANG_WARN_OBJC_ROOT_CLASS = YES_ERROR;
				CLANG_WARN_UNREACHABLE_CODE = YES;
				CLANG_WARN__DUPLICATE_METHOD_MATCH = YES;
				"CODE_SIGN_IDENTITY[sdk=iphoneos*]" = "iPhone Developer";
				COPY_PHASE_STRIP = YES;
				ENABLE_NS_ASSERTIONS = NO;
				ENABLE_STRICT_OBJC_MSGSEND = YES;
				GCC_C_LANGUAGE_STANDARD = gnu99;
				GCC_WARN_64_TO_32_BIT_CONVERSION = YES;
				GCC_WARN_ABOUT_RETURN_TYPE = YES_ERROR;
				GCC_WARN_UNDECLARED_SELECTOR = YES;
				GCC_WARN_UNINITIALIZED_AUTOS = YES_AGGRESSIVE;
				GCC_WARN_UNUSED_FUNCTION = YES;
				GCC_WARN_UNUSED_VARIABLE = YES;
				IPHONEOS_DEPLOYMENT_TARGET = 8.1;
				MTL_ENABLE_DEBUG_INFO = NO;
				SDKROOT = iphoneos;
				VALIDATE_PRODUCT = YES;
			};
			name = Release;
		};
		447CDC1D1A6EF10E00CA9A07 /* Debug */ = {
			isa = XCBuildConfiguration;
			baseConfigurationReference = D0C01B273AE8F8CF9D4BF763 /* Pods.debug.xcconfig */;
			buildSettings = {
				ASSETCATALOG_COMPILER_APPICON_NAME = AppIcon;
				ASSETCATALOG_COMPILER_LAUNCHIMAGE_NAME = LaunchImage;
				FRAMEWORK_SEARCH_PATHS = (
					"$(inherited)",
					"$(PROJECT_DIR)/CityGo/Source/Frameworks",
				);
				GCC_PREFIX_HEADER = CityGo/Source/Prefix.pch;
				INFOPLIST_FILE = CityGo/Source/Resources/Plists/Info.plist;
				IPHONEOS_DEPLOYMENT_TARGET = 7.1;
				LD_RUNPATH_SEARCH_PATHS = "$(inherited) @executable_path/Frameworks";
				PRODUCT_NAME = "$(TARGET_NAME)";
			};
			name = Debug;
		};
		447CDC1E1A6EF10E00CA9A07 /* Release */ = {
			isa = XCBuildConfiguration;
			baseConfigurationReference = D3D096E7959E711084A827AE /* Pods.release.xcconfig */;
			buildSettings = {
				ASSETCATALOG_COMPILER_APPICON_NAME = AppIcon;
				ASSETCATALOG_COMPILER_LAUNCHIMAGE_NAME = LaunchImage;
				FRAMEWORK_SEARCH_PATHS = (
					"$(inherited)",
					"$(PROJECT_DIR)/CityGo/Source/Frameworks",
				);
				GCC_PREFIX_HEADER = CityGo/Source/Prefix.pch;
				INFOPLIST_FILE = CityGo/Source/Resources/Plists/Info.plist;
				IPHONEOS_DEPLOYMENT_TARGET = 7.1;
				LD_RUNPATH_SEARCH_PATHS = "$(inherited) @executable_path/Frameworks";
				PRODUCT_NAME = "$(TARGET_NAME)";
			};
			name = Release;
		};
		447CDC201A6EF10E00CA9A07 /* Debug */ = {
			isa = XCBuildConfiguration;
			buildSettings = {
				BUNDLE_LOADER = "$(TEST_HOST)";
				FRAMEWORK_SEARCH_PATHS = (
					"$(SDKROOT)/Developer/Library/Frameworks",
					"$(inherited)",
				);
				GCC_PREPROCESSOR_DEFINITIONS = (
					"DEBUG=1",
					"$(inherited)",
				);
				LD_RUNPATH_SEARCH_PATHS = "$(inherited) @executable_path/Frameworks @loader_path/Frameworks";
				PRODUCT_NAME = "$(TARGET_NAME)";
				TEST_HOST = "$(BUILT_PRODUCTS_DIR)/CityGo.app/CityGo";
			};
			name = Debug;
		};
		447CDC211A6EF10E00CA9A07 /* Release */ = {
			isa = XCBuildConfiguration;
			buildSettings = {
				BUNDLE_LOADER = "$(TEST_HOST)";
				FRAMEWORK_SEARCH_PATHS = (
					"$(SDKROOT)/Developer/Library/Frameworks",
					"$(inherited)",
				);
				LD_RUNPATH_SEARCH_PATHS = "$(inherited) @executable_path/Frameworks @loader_path/Frameworks";
				PRODUCT_NAME = "$(TARGET_NAME)";
				TEST_HOST = "$(BUILT_PRODUCTS_DIR)/CityGo.app/CityGo";
			};
			name = Release;
		};
/* End XCBuildConfiguration section */

/* Begin XCConfigurationList section */
		447CDBF41A6EF10E00CA9A07 /* Build configuration list for PBXProject "CityGo" */ = {
			isa = XCConfigurationList;
			buildConfigurations = (
				447CDC1A1A6EF10E00CA9A07 /* Debug */,
				447CDC1B1A6EF10E00CA9A07 /* Release */,
			);
			defaultConfigurationIsVisible = 0;
			defaultConfigurationName = Release;
		};
		447CDC1C1A6EF10E00CA9A07 /* Build configuration list for PBXNativeTarget "CityGo" */ = {
			isa = XCConfigurationList;
			buildConfigurations = (
				447CDC1D1A6EF10E00CA9A07 /* Debug */,
				447CDC1E1A6EF10E00CA9A07 /* Release */,
			);
			defaultConfigurationIsVisible = 0;
			defaultConfigurationName = Release;
		};
		447CDC1F1A6EF10E00CA9A07 /* Build configuration list for PBXNativeTarget "CityGoTests" */ = {
			isa = XCConfigurationList;
			buildConfigurations = (
				447CDC201A6EF10E00CA9A07 /* Debug */,
				447CDC211A6EF10E00CA9A07 /* Release */,
			);
			defaultConfigurationIsVisible = 0;
			defaultConfigurationName = Release;
		};
/* End XCConfigurationList section */
	};
	rootObject = 447CDBF11A6EF10E00CA9A07 /* Project object */;
}
